
Microsoft Visual Studio Solution File, Format Version 12.00
# Visual Studio 14
VisualStudioVersion = 14.0.25420.1
MinimumVisualStudioVersion = 10.0.40219.1
Project("{8BC9CEB8-8B4A-11D0-8D11-00A0C91BC942}") = "DatabaseConnectionUser", "DatabaseConnection\DatabaseConnection.vcxproj", "{A40C3BCF-3FA2-495C-BCF2-90EDF598463F}"
	ProjectSection(ProjectDependencies) = postProject
		{7C8329B1-5812-458A-BA49-C39A8AF0CB0D} = {7C8329B1-5812-458A-BA49-C39A8AF0CB0D}
	EndProjectSection
EndProject
Project("{FAE04EC0-301F-11D3-BF4B-00C04F79EFBC}") = "DatabaseConnectionAdmin", "DatabaseConnectionAdmin\DatabaseConnectionAdmin.csproj", "{0BE407D1-AEE6-4C3E-8456-0412EEA55BEA}"
EndProject
Project("{FAE04EC0-301F-11D3-BF4B-00C04F79EFBC}") = "NewTransactionDll", "AddUserDll\NewTransactionDll.csproj", "{7C8329B1-5812-458A-BA49-C39A8AF0CB0D}"
EndProject
Project("{F184B08F-C81C-45F6-A57F-5ABD9991F28F}") = "DatabaseSetup", "DatabaseSetup\DatabaseSetup.vbproj", "{07BE266E-889B-49BE-BF15-26CA1E10A1D7}"
EndProject
Project("{8BC9CEB8-8B4A-11D0-8D11-00A0C91BC942}") = "DatabaseSetupMFC", "DatabaseSetupMFC\DatabaseSetupMFC.vcxproj", "{72AC78A0-88D4-4FBC-AA17-526CAD786769}"
EndProject
Project("{FAE04EC0-301F-11D3-BF4B-00C04F79EFBC}") = "DatabaseConnectionAdminTests", "DatabaseConnectionAdminTests\DatabaseConnectionAdminTests.csproj", "{7CD3C613-6962-4D73-8CE2-ADBD7A04A955}"
EndProject
Global
	GlobalSection(SolutionConfigurationPlatforms) = preSolution
		Debug|Any CPU = Debug|Any CPU
		Debug|x64 = Debug|x64
		Debug|x86 = Debug|x86
		Release|Any CPU = Release|Any CPU
		Release|x64 = Release|x64
		Release|x86 = Release|x86
	EndGlobalSection
	GlobalSection(ProjectConfigurationPlatforms) = postSolution
		{A40C3BCF-3FA2-495C-BCF2-90EDF598463F}.Debug|Any CPU.ActiveCfg = Debug|Win32
		{A40C3BCF-3FA2-495C-BCF2-90EDF598463F}.Debug|x64.ActiveCfg = Debug|x64
		{A40C3BCF-3FA2-495C-BCF2-90EDF598463F}.Debug|x64.Build.0 = Debug|x64
		{A40C3BCF-3FA2-495C-BCF2-90EDF598463F}.Debug|x86.ActiveCfg = Debug|Win32
		{A40C3BCF-3FA2-495C-BCF2-90EDF598463F}.Debug|x86.Build.0 = Debug|Win32
		{A40C3BCF-3FA2-495C-BCF2-90EDF598463F}.Release|Any CPU.ActiveCfg = Release|Win32
		{A40C3BCF-3FA2-495C-BCF2-90EDF598463F}.Release|x64.ActiveCfg = Release|x64
		{A40C3BCF-3FA2-495C-BCF2-90EDF598463F}.Release|x64.Build.0 = Release|x64
		{A40C3BCF-3FA2-495C-BCF2-90EDF598463F}.Release|x86.ActiveCfg = Release|Win32
		{A40C3BCF-3FA2-495C-BCF2-90EDF598463F}.Release|x86.Build.0 = Release|Win32
		{0BE407D1-AEE6-4C3E-8456-0412EEA55BEA}.Debug|Any CPU.ActiveCfg = Debug|Any CPU
		{0BE407D1-AEE6-4C3E-8456-0412EEA55BEA}.Debug|Any CPU.Build.0 = Debug|Any CPU
		{0BE407D1-AEE6-4C3E-8456-0412EEA55BEA}.Debug|x64.ActiveCfg = Debug|Any CPU
		{0BE407D1-AEE6-4C3E-8456-0412EEA55BEA}.Debug|x64.Build.0 = Debug|Any CPU
		{0BE407D1-AEE6-4C3E-8456-0412EEA55BEA}.Debug|x86.ActiveCfg = Debug|Any CPU
		{0BE407D1-AEE6-4C3E-8456-0412EEA55BEA}.Debug|x86.Build.0 = Debug|Any CPU
		{0BE407D1-AEE6-4C3E-8456-0412EEA55BEA}.Release|Any CPU.ActiveCfg = Release|Any CPU
		{0BE407D1-AEE6-4C3E-8456-0412EEA55BEA}.Release|Any CPU.Build.0 = Release|Any CPU
		{0BE407D1-AEE6-4C3E-8456-0412EEA55BEA}.Release|x64.ActiveCfg = Release|Any CPU
		{0BE407D1-AEE6-4C3E-8456-0412EEA55BEA}.Release|x64.Build.0 = Release|Any CPU
		{0BE407D1-AEE6-4C3E-8456-0412EEA55BEA}.Release|x86.ActiveCfg = Release|Any CPU
		{0BE407D1-AEE6-4C3E-8456-0412EEA55BEA}.Release|x86.Build.0 = Release|Any CPU
		{7C8329B1-5812-458A-BA49-C39A8AF0CB0D}.Debug|Any CPU.ActiveCfg = Debug|Any CPU
		{7C8329B1-5812-458A-BA49-C39A8AF0CB0D}.Debug|Any CPU.Build.0 = Debug|Any CPU
		{7C8329B1-5812-458A-BA49-C39A8AF0CB0D}.Debug|x64.ActiveCfg = Debug|Any CPU
		{7C8329B1-5812-458A-BA49-C39A8AF0CB0D}.Debug|x64.Build.0 = Debug|Any CPU
		{7C8329B1-5812-458A-BA49-C39A8AF0CB0D}.Debug|x86.ActiveCfg = Debug|Any CPU
		{7C8329B1-5812-458A-BA49-C39A8AF0CB0D}.Debug|x86.Build.0 = Debug|Any CPU
		{7C8329B1-5812-458A-BA49-C39A8AF0CB0D}.Release|Any CPU.ActiveCfg = Release|Any CPU
		{7C8329B1-5812-458A-BA49-C39A8AF0CB0D}.Release|Any CPU.Build.0 = Release|Any CPU
		{7C8329B1-5812-458A-BA49-C39A8AF0CB0D}.Release|x64.ActiveCfg = Release|Any CPU
		{7C8329B1-5812-458A-BA49-C39A8AF0CB0D}.Release|x64.Build.0 = Release|Any CPU
		{7C8329B1-5812-458A-BA49-C39A8AF0CB0D}.Release|x86.ActiveCfg = Release|Any CPU
		{7C8329B1-5812-458A-BA49-C39A8AF0CB0D}.Release|x86.Build.0 = Release|Any CPU
		{07BE266E-889B-49BE-BF15-26CA1E10A1D7}.Debug|Any CPU.ActiveCfg = Debug|Any CPU
		{07BE266E-889B-49BE-BF15-26CA1E10A1D7}.Debug|Any CPU.Build.0 = Debug|Any CPU
		{07BE266E-889B-49BE-BF15-26CA1E10A1D7}.Debug|x64.ActiveCfg = Debug|Any CPU
		{07BE266E-889B-49BE-BF15-26CA1E10A1D7}.Debug|x64.Build.0 = Debug|Any CPU
		{07BE266E-889B-49BE-BF15-26CA1E10A1D7}.Debug|x86.ActiveCfg = Debug|Any CPU
		{07BE266E-889B-49BE-BF15-26CA1E10A1D7}.Debug|x86.Build.0 = Debug|Any CPU
		{07BE266E-889B-49BE-BF15-26CA1E10A1D7}.Release|Any CPU.ActiveCfg = Release|Any CPU
		{07BE266E-889B-49BE-BF15-26CA1E10A1D7}.Release|Any CPU.Build.0 = Release|Any CPU
		{07BE266E-889B-49BE-BF15-26CA1E10A1D7}.Release|x64.ActiveCfg = Release|Any CPU
		{07BE266E-889B-49BE-BF15-26CA1E10A1D7}.Release|x64.Build.0 = Release|Any CPU
		{07BE266E-889B-49BE-BF15-26CA1E10A1D7}.Release|x86.ActiveCfg = Release|Any CPU
		{07BE266E-889B-49BE-BF15-26CA1E10A1D7}.Release|x86.Build.0 = Release|Any CPU
		{72AC78A0-88D4-4FBC-AA17-526CAD786769}.Debug|Any CPU.ActiveCfg = Debug|Win32
		{72AC78A0-88D4-4FBC-AA17-526CAD786769}.Debug|x64.ActiveCfg = Debug|x64
		{72AC78A0-88D4-4FBC-AA17-526CAD786769}.Debug|x64.Build.0 = Debug|x64
		{72AC78A0-88D4-4FBC-AA17-526CAD786769}.Debug|x86.ActiveCfg = Debug|Win32
		{72AC78A0-88D4-4FBC-AA17-526CAD786769}.Debug|x86.Build.0 = Debug|Win32
		{72AC78A0-88D4-4FBC-AA17-526CAD786769}.Release|Any CPU.ActiveCfg = Release|Win32
		{72AC78A0-88D4-4FBC-AA17-526CAD786769}.Release|x64.ActiveCfg = Release|x64
		{72AC78A0-88D4-4FBC-AA17-526CAD786769}.Release|x64.Build.0 = Release|x64
		{72AC78A0-88D4-4FBC-AA17-526CAD786769}.Release|x86.ActiveCfg = Release|Win32
		{72AC78A0-88D4-4FBC-AA17-526CAD786769}.Release|x86.Build.0 = Release|Win32
		{7CD3C613-6962-4D73-8CE2-ADBD7A04A955}.Debug|Any CPU.ActiveCfg = Debug|Any CPU
		{7CD3C613-6962-4D73-8CE2-ADBD7A04A955}.Debug|Any CPU.Build.0 = Debug|Any CPU
		{7CD3C613-6962-4D73-8CE2-ADBD7A04A955}.Debug|x64.ActiveCfg = Debug|Any CPU
		{7CD3C613-6962-4D73-8CE2-ADBD7A04A955}.Debug|x64.Build.0 = Debug|Any CPU
		{7CD3C613-6962-4D73-8CE2-ADBD7A04A955}.Debug|x86.ActiveCfg = Debug|Any CPU
		{7CD3C613-6962-4D73-8CE2-ADBD7A04A955}.Debug|x86.Build.0 = Debug|Any CPU
		{7CD3C613-6962-4D73-8CE2-ADBD7A04A955}.Release|Any CPU.ActiveCfg = Release|Any CPU
		{7CD3C613-6962-4D73-8CE2-ADBD7A04A955}.Release|Any CPU.Build.0 = Release|Any CPU
		{7CD3C613-6962-4D73-8CE2-ADBD7A04A955}.Release|x64.ActiveCfg = Release|Any CPU
		{7CD3C613-6962-4D73-8CE2-ADBD7A04A955}.Release|x64.Build.0 = Release|Any CPU
		{7CD3C613-6962-4D73-8CE2-ADBD7A04A955}.Release|x86.ActiveCfg = Release|Any CPU
		{7CD3C613-6962-4D73-8CE2-ADBD7A04A955}.Release|x86.Build.0 = Release|Any CPU
	EndGlobalSection
	GlobalSection(SolutionProperties) = preSolution
		HideSolutionNode = FALSE
	EndGlobalSection
EndGlobal
