<?xml version="1.0" encoding="utf-8"?>
<Project ToolsVersion="4.0" xmlns="http://schemas.microsoft.com/developer/msbuild/2003">
  <ItemGroup>
    <Filter Include="Source Files">
      <UniqueIdentifier>{5ca51765-2133-42b4-9576-91a33f8033fb}</UniqueIdentifier>
    </Filter>
    <Filter Include="Generated Files">
      <UniqueIdentifier>{7bcc8bd6-401b-48ef-89c5-b89f79ce7163}</UniqueIdentifier>
      <SourceControlFiles>False</SourceControlFiles>
    </Filter>
  </ItemGroup>
  <ItemGroup>
    <None Include="DatabaseConnectionps.def" />
  </ItemGroup>
  <ItemGroup>
    <ClCompile Include="DatabaseConnection_i.c">
      <Filter>Generated Files</Filter>
    </ClCompile>
    <ClCompile Include="DatabaseConnection_p.c">
      <Filter>Generated Files</Filter>
    </ClCompile>
    <ClCompile Include="dlldata.c">
      <Filter>Generated Files</Filter>
    </ClCompile>
  </ItemGroup>
</Project>