
Microsoft Visual Studio Solution File, Format Version 12.00
# Visual Studio 14
VisualStudioVersion = 14.0.25420.1
MinimumVisualStudioVersion = 10.0.40219.1
Project("{FAE04EC0-301F-11D3-BF4B-00C04F79EFBC}") = "CreditCardManager", "CreditCardManager\CreditCardManager.csproj", "{82235EE0-136F-437E-B282-8CB300D30AAA}"
EndProject
Project("{FAE04EC0-301F-11D3-BF4B-00C04F79EFBC}") = "CreditCardManagerTests", "CreditCardManagerTests\CreditCardManagerTests.csproj", "{ABCCEEAD-D092-48D9-9DB6-E6F2B69B97BF}"
EndProject
Global
	GlobalSection(SolutionConfigurationPlatforms) = preSolution
		Debug|Any CPU = Debug|Any CPU
		Release|Any CPU = Release|Any CPU
	EndGlobalSection
	GlobalSection(ProjectConfigurationPlatforms) = postSolution
		{82235EE0-136F-437E-B282-8CB300D30AAA}.Debug|Any CPU.ActiveCfg = Debug|Any CPU
		{82235EE0-136F-437E-B282-8CB300D30AAA}.Debug|Any CPU.Build.0 = Debug|Any CPU
		{82235EE0-136F-437E-B282-8CB300D30AAA}.Release|Any CPU.ActiveCfg = Release|Any CPU
		{82235EE0-136F-437E-B282-8CB300D30AAA}.Release|Any CPU.Build.0 = Release|Any CPU
		{ABCCEEAD-D092-48D9-9DB6-E6F2B69B97BF}.Debug|Any CPU.ActiveCfg = Debug|Any CPU
		{ABCCEEAD-D092-48D9-9DB6-E6F2B69B97BF}.Debug|Any CPU.Build.0 = Debug|Any CPU
		{ABCCEEAD-D092-48D9-9DB6-E6F2B69B97BF}.Release|Any CPU.ActiveCfg = Release|Any CPU
		{ABCCEEAD-D092-48D9-9DB6-E6F2B69B97BF}.Release|Any CPU.Build.0 = Release|Any CPU
	EndGlobalSection
	GlobalSection(SolutionProperties) = preSolution
		HideSolutionNode = FALSE
	EndGlobalSection
EndGlobal
